
Microsoft Visual Studio Solution File, Format Version 12.00
# Visual Studio Version 17
VisualStudioVersion = 17.3.32929.385
MinimumVisualStudioVersion = 10.0.40219.1
Project("{FAE04EC0-301F-11D3-BF4B-00C04F79EFBC}") = "HTTPDebuggerKeyGen", "HTTPDebuggerKeyGen.csproj", "{3A0175F9-355F-47B8-9DBF-C7C8614AF0B7}"
EndProject
Global
	GlobalSection(SolutionConfigurationPlatforms) = preSolution
		Debug|Any CPU = Debug|Any CPU
		Release|Any CPU = Release|Any CPU
	EndGlobalSection
	GlobalSection(ProjectConfigurationPlatforms) = postSolution
		{3A0175F9-355F-47B8-9DBF-C7C8614AF0B7}.Debug|Any CPU.ActiveCfg = Debug|Any CPU
		{3A0175F9-355F-47B8-9DBF-C7C8614AF0B7}.Debug|Any CPU.Build.0 = Debug|Any CPU
		{3A0175F9-355F-47B8-9DBF-C7C8614AF0B7}.Release|Any CPU.ActiveCfg = Release|Any CPU
		{3A0175F9-355F-47B8-9DBF-C7C8614AF0B7}.Release|Any CPU.Build.0 = Release|Any CPU
	EndGlobalSection
	GlobalSection(SolutionProperties) = preSolution
		HideSolutionNode = FALSE
	EndGlobalSection
	GlobalSection(ExtensibilityGlobals) = postSolution
		SolutionGuid = {2C38E52B-0631-475F-87B6-F828C599A395}
	EndGlobalSection
EndGlobal
